
Microsoft Visual Studio Solution File, Format Version 12.00
# Visual Studio Version 17
VisualStudioVersion = 17.10.35122.118
MinimumVisualStudioVersion = 10.0.40219.1
Project("{D2ABAB84-BF74-430A-B69E-9DC6D40DDA17}") = "Nhom6_BrazilianEcommerceDW_SSAS", "Nhom6_BrazilianEcommerceDW_SSAS\Nhom6_BrazilianEcommerceDW_SSAS.dwproj", "{754F597B-797B-47E8-9834-90524F0F7007}"
EndProject
Global
	GlobalSection(SolutionConfigurationPlatforms) = preSolution
		Development|Default = Development|Default
	EndGlobalSection
	GlobalSection(ProjectConfigurationPlatforms) = postSolution
		{754F597B-797B-47E8-9834-90524F0F7007}.Development|Default.ActiveCfg = Development
		{754F597B-797B-47E8-9834-90524F0F7007}.Development|Default.Build.0 = Development
		{754F597B-797B-47E8-9834-90524F0F7007}.Development|Default.Deploy.0 = Development
	EndGlobalSection
	GlobalSection(SolutionProperties) = preSolution
		HideSolutionNode = FALSE
	EndGlobalSection
	GlobalSection(ExtensibilityGlobals) = postSolution
		SolutionGuid = {1716CDDF-8DF3-485D-9D1E-43DCA2F0EAB8}
	EndGlobalSection
EndGlobal
